// !$*UTF8*$!
{
	archiveVersion = 1;
	classes = {
	};
	objectVersion = 56;
	objects = {

/* Begin PBXBuildFile section */
		D5DE64F1300B9913005781C0 /* MHBrightiOSApp.swift in Sources */ = {isa = PBXBuildFile; fileRef = D5DE64F0300B9913005781C0 /* MHBrightiOSApp.swift */; };
		D5DE64F3300B9913005781C0 /* ContentView.swift in Sources */ = {isa = PBXBuildFile; fileRef = D5DE64F2300B9913005781C0 /* ContentView.swift */; };
		D5DE64F5300B9916005781C0 /* Assets.xcassets in Resources */ = {isa = PBXBuildFile; fileRef = D5DE64F4300B9916005781C0 /* Assets.xcassets */; };
		D5DE64F8300B9916005781C0 /* Preview Assets.xcassets in Resources */ = {isa = PBXBuildFile; fileRef = D5DE64F7300B9916005781C0 /* Preview Assets.xcassets */; };
		D5DE6502300B9917005781C0 /* MHBrightiOSTests.swift in Sources */ = {isa = PBXBuildFile; fileRef = D5DE6501300B9917005781C0 /* MHBrightiOSTests.swift */; };
		D5DE650C300B9917005781C0 /* MHBrightiOSUITests.swift in Sources */ = {isa = PBXBuildFile; fileRef = D5DE650B300B9917005781C0 /* MHBrightiOSUITests.swift */; };
		D5DE650E300B9917005781C0 /* MHBrightiOSUITestsLaunchTests.swift in Sources */ = {isa = PBXBuildFile; fileRef = D5DE650D300B9917005781C0 /* MHBrightiOSUITestsLaunchTests.swift */; };
		D5DE651B300B9AD9005781C0 /* LoginView.swift in Sources */ = {isa = PBXBuildFile; fileRef = D5DE651A300B9AD9005781C0 /* LoginView.swift */; };
		D5DE651D300B9D2E005781C0 /* APIClient.swift in Sources */ = {isa = PBXBuildFile; fileRef = D5DE651C300B9D2E005781C0 /* APIClient.swift */; };
		D5DE651F300B9E41005781C0 /* AuthManager.swift in Sources */ = {isa = PBXBuildFile; fileRef = D5DE651E300B9E41005781C0 /* AuthManager.swift */; };
		D5DE6521300B9FAF005781C0 /* HomeView.swift in Sources */ = {isa = PBXBuildFile; fileRef = D5DE6520300B9FAF005781C0 /* HomeView.swift */; };
		D5DE6523300BA06D005781C0 /* HealthRecord.swift in Sources */ = {isa = PBXBuildFile; fileRef = D5DE6522300BA06D005781C0 /* HealthRecord.swift */; };
		D5DE6525300BA11C005781C0 /* RecordsListView.swift in Sources */ = {isa = PBXBuildFile; fileRef = D5DE6524300BA11C005781C0 /* RecordsListView.swift */; };
		D5DE6527300C3425005781C0 /* RecordDetailView.swift in Sources */ = {isa = PBXBuildFile; fileRef = D5DE6526300C3425005781C0 /* RecordDetailView.swift */; };
		D5DE6529300C3861005781C0 /* NewRecordView.swift in Sources */ = {isa = PBXBuildFile; fileRef = D5DE6528300C3861005781C0 /* NewRecordView.swift */; };
		D5DE652B300C3F21005781C0 /* EditRecordView.swift in Sources */ = {isa = PBXBuildFile; fileRef = D5DE652A300C3F21005781C0 /* EditRecordView.swift */; };
		D5DE652D300F2747005781C0 /* ChatMessage.swift in Sources */ = {isa = PBXBuildFile; fileRef = D5DE652C300F2747005781C0 /* ChatMessage.swift */; };
		D5DE652F300F27D3005781C0 /* ChatView.swift in Sources */ = {isa = PBXBuildFile; fileRef = D5DE652E300F27D3005781C0 /* ChatView.swift */; };
		D5DE6531300F2ADE005781C0 /* AppointmentBrief.swift in Sources */ = {isa = PBXBuildFile; fileRef = D5DE6530300F2ADE005781C0 /* AppointmentBrief.swift */; };
		D5DE6533300F2B72005781C0 /* AppointmentBriefsListView.swift in Sources */ = {isa = PBXBuildFile; fileRef = D5DE6532300F2B72005781C0 /* AppointmentBriefsListView.swift */; };
		D5DE6535300F2BC1005781C0 /* AppointmentBriefDetailView.swift in Sources */ = {isa = PBXBuildFile; fileRef = D5DE6534300F2BC1005781C0 /* AppointmentBriefDetailView.swift */; };
		D5DE6537300F2BE9005781C0 /* NewAppointmentBriefView.swift in Sources */ = {isa = PBXBuildFile; fileRef = D5DE6536300F2BE9005781C0 /* NewAppointmentBriefView.swift */; };
/* End PBXBuildFile section */

/* Begin PBXContainerItemProxy section */
		D5DE64FE300B9917005781C0 /* PBXContainerItemProxy */ = {
			isa = PBXContainerItemProxy;
			containerPortal = D5DE64E5300B9912005781C0 /* Project object */;
			proxyType = 1;
			remoteGlobalIDString = D5DE64EC300B9913005781C0;
			remoteInfo = MHBrightiOS;
		};
		D5DE6508300B9917005781C0 /* PBXContainerItemProxy */ = {
			isa = PBXContainerItemProxy;
			containerPortal = D5DE64E5300B9912005781C0 /* Project object */;
			proxyType = 1;
			remoteGlobalIDString = D5DE64EC300B9913005781C0;
			remoteInfo = MHBrightiOS;
		};
/* End PBXContainerItemProxy section */

/* Begin PBXFileReference section */
		D5DE64ED300B9913005781C0 /* MHBrightiOS.app */ = {isa = PBXFileReference; explicitFileType = wrapper.application; includeInIndex = 0; path = MHBrightiOS.app; sourceTree = BUILT_PRODUCTS_DIR; };
		D5DE64F0300B9913005781C0 /* MHBrightiOSApp.swift */ = {isa = PBXFileReference; lastKnownFileType = sourcecode.swift; path = MHBrightiOSApp.swift; sourceTree = "<group>"; };
		D5DE64F2300B9913005781C0 /* ContentView.swift */ = {isa = PBXFileReference; lastKnownFileType = sourcecode.swift; path = ContentView.swift; sourceTree = "<group>"; };
		D5DE64F4300B9916005781C0 /* Assets.xcassets */ = {isa = PBXFileReference; lastKnownFileType = folder.assetcatalog; path = Assets.xcassets; sourceTree = "<group>"; };
		D5DE64F7300B9916005781C0 /* Preview Assets.xcassets */ = {isa = PBXFileReference; lastKnownFileType = folder.assetcatalog; path = "Preview Assets.xcassets"; sourceTree = "<group>"; };
		D5DE64FD300B9917005781C0 /* MHBrightiOSTests.xctest */ = {isa = PBXFileReference; explicitFileType = wrapper.cfbundle; includeInIndex = 0; path = MHBrightiOSTests.xctest; sourceTree = BUILT_PRODUCTS_DIR; };
		D5DE6501300B9917005781C0 /* MHBrightiOSTests.swift */ = {isa = PBXFileReference; lastKnownFileType = sourcecode.swift; path = MHBrightiOSTests.swift; sourceTree = "<group>"; };
		D5DE6507300B9917005781C0 /* MHBrightiOSUITests.xctest */ = {isa = PBXFileReference; explicitFileType = wrapper.cfbundle; includeInIndex = 0; path = MHBrightiOSUITests.xctest; sourceTree = BUILT_PRODUCTS_DIR; };
		D5DE650B300B9917005781C0 /* MHBrightiOSUITests.swift */ = {isa = PBXFileReference; lastKnownFileType = sourcecode.swift; path = MHBrightiOSUITests.swift; sourceTree = "<group>"; };
		D5DE650D300B9917005781C0 /* MHBrightiOSUITestsLaunchTests.swift */ = {isa = PBXFileReference; lastKnownFileType = sourcecode.swift; path = MHBrightiOSUITestsLaunchTests.swift; sourceTree = "<group>"; };
		D5DE651A300B9AD9005781C0 /* LoginView.swift */ = {isa = PBXFileReference; lastKnownFileType = sourcecode.swift; path = LoginView.swift; sourceTree = "<group>"; };
		D5DE651C300B9D2E005781C0 /* APIClient.swift */ = {isa = PBXFileReference; lastKnownFileType = sourcecode.swift; path = APIClient.swift; sourceTree = "<group>"; };
		D5DE651E300B9E41005781C0 /* AuthManager.swift */ = {isa = PBXFileReference; lastKnownFileType = sourcecode.swift; path = AuthManager.swift; sourceTree = "<group>"; };
		D5DE6520300B9FAF005781C0 /* HomeView.swift */ = {isa = PBXFileReference; lastKnownFileType = sourcecode.swift; path = HomeView.swift; sourceTree = "<group>"; };
		D5DE6522300BA06D005781C0 /* HealthRecord.swift */ = {isa = PBXFileReference; lastKnownFileType = sourcecode.swift; path = HealthRecord.swift; sourceTree = "<group>"; };
		D5DE6524300BA11C005781C0 /* RecordsListView.swift */ = {isa = PBXFileReference; lastKnownFileType = sourcecode.swift; path = RecordsListView.swift; sourceTree = "<group>"; };
		D5DE6526300C3425005781C0 /* RecordDetailView.swift */ = {isa = PBXFileReference; lastKnownFileType = sourcecode.swift; path = RecordDetailView.swift; sourceTree = "<group>"; };
		D5DE6528300C3861005781C0 /* NewRecordView.swift */ = {isa = PBXFileReference; lastKnownFileType = sourcecode.swift; path = NewRecordView.swift; sourceTree = "<group>"; };
		D5DE652A300C3F21005781C0 /* EditRecordView.swift */ = {isa = PBXFileReference; lastKnownFileType = sourcecode.swift; path = EditRecordView.swift; sourceTree = "<group>"; };
		D5DE652C300F2747005781C0 /* ChatMessage.swift */ = {isa = PBXFileReference; lastKnownFileType = sourcecode.swift; path = ChatMessage.swift; sourceTree = "<group>"; };
		D5DE652E300F27D3005781C0 /* ChatView.swift */ = {isa = PBXFileReference; lastKnownFileType = sourcecode.swift; path = ChatView.swift; sourceTree = "<group>"; };
		D5DE6530300F2ADE005781C0 /* AppointmentBrief.swift */ = {isa = PBXFileReference; lastKnownFileType = sourcecode.swift; path = AppointmentBrief.swift; sourceTree = "<group>"; };
		D5DE6532300F2B72005781C0 /* AppointmentBriefsListView.swift */ = {isa = PBXFileReference; lastKnownFileType = sourcecode.swift; path = AppointmentBriefsListView.swift; sourceTree = "<group>"; };
		D5DE6534300F2BC1005781C0 /* AppointmentBriefDetailView.swift */ = {isa = PBXFileReference; lastKnownFileType = sourcecode.swift; path = AppointmentBriefDetailView.swift; sourceTree = "<group>"; };
		D5DE6536300F2BE9005781C0 /* NewAppointmentBriefView.swift */ = {isa = PBXFileReference; lastKnownFileType = sourcecode.swift; path = NewAppointmentBriefView.swift; sourceTree = "<group>"; };
/* End PBXFileReference section */

/* Begin PBXFrameworksBuildPhase section */
		D5DE64EA300B9913005781C0 /* Frameworks */ = {
			isa = PBXFrameworksBuildPhase;
			buildActionMask = 2147483647;
			files = (
			);
			runOnlyForDeploymentPostprocessing = 0;
		};
		D5DE64FA300B9917005781C0 /* Frameworks */ = {
			isa = PBXFrameworksBuildPhase;
			buildActionMask = 2147483647;
			files = (
			);
			runOnlyForDeploymentPostprocessing = 0;
		};
		D5DE6504300B9917005781C0 /* Frameworks */ = {
			isa = PBXFrameworksBuildPhase;
			buildActionMask = 2147483647;
			files = (
			);
			runOnlyForDeploymentPostprocessing = 0;
		};
/* End PBXFrameworksBuildPhase section */

/* Begin PBXGroup section */
		D5DE64E4300B9912005781C0 = {
			isa = PBXGroup;
			children = (
				D5DE64EF300B9913005781C0 /* MHBrightiOS */,
				D5DE6500300B9917005781C0 /* MHBrightiOSTests */,
				D5DE650A300B9917005781C0 /* MHBrightiOSUITests */,
				D5DE64EE300B9913005781C0 /* Products */,
			);
			sourceTree = "<group>";
		};
		D5DE64EE300B9913005781C0 /* Products */ = {
			isa = PBXGroup;
			children = (
				D5DE64ED300B9913005781C0 /* MHBrightiOS.app */,
				D5DE64FD300B9917005781C0 /* MHBrightiOSTests.xctest */,
				D5DE6507300B9917005781C0 /* MHBrightiOSUITests.xctest */,
			);
			name = Products;
			sourceTree = "<group>";
		};
		D5DE64EF300B9913005781C0 /* MHBrightiOS */ = {
			isa = PBXGroup;
			children = (
				D5DE64F0300B9913005781C0 /* MHBrightiOSApp.swift */,
				D5DE6534300F2BC1005781C0 /* AppointmentBriefDetailView.swift */,
				D5DE651C300B9D2E005781C0 /* APIClient.swift */,
				D5DE64F2300B9913005781C0 /* ContentView.swift */,
				D5DE64F4300B9916005781C0 /* Assets.xcassets */,
				D5DE64F6300B9916005781C0 /* Preview Content */,
				D5DE651A300B9AD9005781C0 /* LoginView.swift */,
				D5DE651E300B9E41005781C0 /* AuthManager.swift */,
				D5DE6520300B9FAF005781C0 /* HomeView.swift */,
				D5DE6522300BA06D005781C0 /* HealthRecord.swift */,
				D5DE6524300BA11C005781C0 /* RecordsListView.swift */,
				D5DE6526300C3425005781C0 /* RecordDetailView.swift */,
				D5DE6528300C3861005781C0 /* NewRecordView.swift */,
				D5DE652A300C3F21005781C0 /* EditRecordView.swift */,
				D5DE652C300F2747005781C0 /* ChatMessage.swift */,
				D5DE652E300F27D3005781C0 /* ChatView.swift */,
				D5DE6530300F2ADE005781C0 /* AppointmentBrief.swift */,
				D5DE6532300F2B72005781C0 /* AppointmentBriefsListView.swift */,
				D5DE6536300F2BE9005781C0 /* NewAppointmentBriefView.swift */,
			);
			path = MHBrightiOS;
			sourceTree = "<group>";
		};
		D5DE64F6300B9916005781C0 /* Preview Content */ = {
			isa = PBXGroup;
			children = (
				D5DE64F7300B9916005781C0 /* Preview Assets.xcassets */,
			);
			path = "Preview Content";
			sourceTree = "<group>";
		};
		D5DE6500300B9917005781C0 /* MHBrightiOSTests */ = {
			isa = PBXGroup;
			children = (
				D5DE6501300B9917005781C0 /* MHBrightiOSTests.swift */,
			);
			path = MHBrightiOSTests;
			sourceTree = "<group>";
		};
		D5DE650A300B9917005781C0 /* MHBrightiOSUITests */ = {
			isa = PBXGroup;
			children = (
				D5DE650B300B9917005781C0 /* MHBrightiOSUITests.swift */,
				D5DE650D300B9917005781C0 /* MHBrightiOSUITestsLaunchTests.swift */,
			);
			path = MHBrightiOSUITests;
			sourceTree = "<group>";
		};
/* End PBXGroup section */

/* Begin PBXNativeTarget section */
		D5DE64EC300B9913005781C0 /* MHBrightiOS */ = {
			isa = PBXNativeTarget;
			buildConfigurationList = D5DE6511300B9917005781C0 /* Build configuration list for PBXNativeTarget "MHBrightiOS" */;
			buildPhases = (
				D5DE64E9300B9913005781C0 /* Sources */,
				D5DE64EA300B9913005781C0 /* Frameworks */,
				D5DE64EB300B9913005781C0 /* Resources */,
			);
			buildRules = (
			);
			dependencies = (
			);
			name = MHBrightiOS;
			productName = MHBrightiOS;
			productReference = D5DE64ED300B9913005781C0 /* MHBrightiOS.app */;
			productType = "com.apple.product-type.application";
		};
		D5DE64FC300B9917005781C0 /* MHBrightiOSTests */ = {
			isa = PBXNativeTarget;
			buildConfigurationList = D5DE6514300B9917005781C0 /* Build configuration list for PBXNativeTarget "MHBrightiOSTests" */;
			buildPhases = (
				D5DE64F9300B9917005781C0 /* Sources */,
				D5DE64FA300B9917005781C0 /* Frameworks */,
				D5DE64FB300B9917005781C0 /* Resources */,
			);
			buildRules = (
			);
			dependencies = (
				D5DE64FF300B9917005781C0 /* PBXTargetDependency */,
			);
			name = MHBrightiOSTests;
			productName = MHBrightiOSTests;
			productReference = D5DE64FD300B9917005781C0 /* MHBrightiOSTests.xctest */;
			productType = "com.apple.product-type.bundle.unit-test";
		};
		D5DE6506300B9917005781C0 /* MHBrightiOSUITests */ = {
			isa = PBXNativeTarget;
			buildConfigurationList = D5DE6517300B9917005781C0 /* Build configuration list for PBXNativeTarget "MHBrightiOSUITests" */;
			buildPhases = (
				D5DE6503300B9917005781C0 /* Sources */,
				D5DE6504300B9917005781C0 /* Frameworks */,
				D5DE6505300B9917005781C0 /* Resources */,
			);
			buildRules = (
			);
			dependencies = (
				D5DE6509300B9917005781C0 /* PBXTargetDependency */,
			);
			name = MHBrightiOSUITests;
			productName = MHBrightiOSUITests;
			productReference = D5DE6507300B9917005781C0 /* MHBrightiOSUITests.xctest */;
			productType = "com.apple.product-type.bundle.ui-testing";
		};
/* End PBXNativeTarget section */

/* Begin PBXProject section */
		D5DE64E5300B9912005781C0 /* Project object */ = {
			isa = PBXProject;
			attributes = {
				BuildIndependentTargetsInParallel = 1;
				LastSwiftUpdateCheck = 1520;
				LastUpgradeCheck = 1520;
				TargetAttributes = {
					D5DE64EC300B9913005781C0 = {
						CreatedOnToolsVersion = 15.2;
					};
					D5DE64FC300B9917005781C0 = {
						CreatedOnToolsVersion = 15.2;
						TestTargetID = D5DE64EC300B9913005781C0;
					};
					D5DE6506300B9917005781C0 = {
						CreatedOnToolsVersion = 15.2;
						TestTargetID = D5DE64EC300B9913005781C0;
					};
				};
			};
			buildConfigurationList = D5DE64E8300B9912005781C0 /* Build configuration list for PBXProject "MHBrightiOS" */;
			compatibilityVersion = "Xcode 14.0";
			developmentRegion = en;
			hasScannedForEncodings = 0;
			knownRegions = (
				en,
				Base,
			);
			mainGroup = D5DE64E4300B9912005781C0;
			productRefGroup = D5DE64EE300B9913005781C0 /* Products */;
			projectDirPath = "";
			projectRoot = "";
			targets = (
				D5DE64EC300B9913005781C0 /* MHBrightiOS */,
				D5DE64FC300B9917005781C0 /* MHBrightiOSTests */,
				D5DE6506300B9917005781C0 /* MHBrightiOSUITests */,
			);
		};
/* End PBXProject section */

/* Begin PBXResourcesBuildPhase section */
		D5DE64EB300B9913005781C0 /* Resources */ = {
			isa = PBXResourcesBuildPhase;
			buildActionMask = 2147483647;
			files = (
				D5DE64F8300B9916005781C0 /* Preview Assets.xcassets in Resources */,
				D5DE64F5300B9916005781C0 /* Assets.xcassets in Resources */,
			);
			runOnlyForDeploymentPostprocessing = 0;
		};
		D5DE64FB300B9917005781C0 /* Resources */ = {
			isa = PBXResourcesBuildPhase;
			buildActionMask = 2147483647;
			files = (
			);
			runOnlyForDeploymentPostprocessing = 0;
		};
		D5DE6505300B9917005781C0 /* Resources */ = {
			isa = PBXResourcesBuildPhase;
			buildActionMask = 2147483647;
			files = (
			);
			runOnlyForDeploymentPostprocessing = 0;
		};
/* End PBXResourcesBuildPhase section */

/* Begin PBXSourcesBuildPhase section */
		D5DE64E9300B9913005781C0 /* Sources */ = {
			isa = PBXSourcesBuildPhase;
			buildActionMask = 2147483647;
			files = (
				D5DE6535300F2BC1005781C0 /* AppointmentBriefDetailView.swift in Sources */,
				D5DE651B300B9AD9005781C0 /* LoginView.swift in Sources */,
				D5DE6525300BA11C005781C0 /* RecordsListView.swift in Sources */,
				D5DE652B300C3F21005781C0 /* EditRecordView.swift in Sources */,
				D5DE6529300C3861005781C0 /* NewRecordView.swift in Sources */,
				D5DE64F3300B9913005781C0 /* ContentView.swift in Sources */,
				D5DE64F1300B9913005781C0 /* MHBrightiOSApp.swift in Sources */,
				D5DE6537300F2BE9005781C0 /* NewAppointmentBriefView.swift in Sources */,
				D5DE6531300F2ADE005781C0 /* AppointmentBrief.swift in Sources */,
				D5DE652F300F27D3005781C0 /* ChatView.swift in Sources */,
				D5DE6533300F2B72005781C0 /* AppointmentBriefsListView.swift in Sources */,
				D5DE6521300B9FAF005781C0 /* HomeView.swift in Sources */,
				D5DE6527300C3425005781C0 /* RecordDetailView.swift in Sources */,
				D5DE651D300B9D2E005781C0 /* APIClient.swift in Sources */,
				D5DE652D300F2747005781C0 /* ChatMessage.swift in Sources */,
				D5DE651F300B9E41005781C0 /* AuthManager.swift in Sources */,
				D5DE6523300BA06D005781C0 /* HealthRecord.swift in Sources */,
			);
			runOnlyForDeploymentPostprocessing = 0;
		};
		D5DE64F9300B9917005781C0 /* Sources */ = {
			isa = PBXSourcesBuildPhase;
			buildActionMask = 2147483647;
			files = (
				D5DE6502300B9917005781C0 /* MHBrightiOSTests.swift in Sources */,
			);
			runOnlyForDeploymentPostprocessing = 0;
		};
		D5DE6503300B9917005781C0 /* Sources */ = {
			isa = PBXSourcesBuildPhase;
			buildActionMask = 2147483647;
			files = (
				D5DE650C300B9917005781C0 /* MHBrightiOSUITests.swift in Sources */,
				D5DE650E300B9917005781C0 /* MHBrightiOSUITestsLaunchTests.swift in Sources */,
			);
			runOnlyForDeploymentPostprocessing = 0;
		};
/* End PBXSourcesBuildPhase section */

/* Begin PBXTargetDependency section */
		D5DE64FF300B9917005781C0 /* PBXTargetDependency */ = {
			isa = PBXTargetDependency;
			target = D5DE64EC300B9913005781C0 /* MHBrightiOS */;
			targetProxy = D5DE64FE300B9917005781C0 /* PBXContainerItemProxy */;
		};
		D5DE6509300B9917005781C0 /* PBXTargetDependency */ = {
			isa = PBXTargetDependency;
			target = D5DE64EC300B9913005781C0 /* MHBrightiOS */;
			targetProxy = D5DE6508300B9917005781C0 /* PBXContainerItemProxy */;
		};
/* End PBXTargetDependency section */

/* Begin XCBuildConfiguration section */
		D5DE650F300B9917005781C0 /* Debug */ = {
			isa = XCBuildConfiguration;
			buildSettings = {
				ALWAYS_SEARCH_USER_PATHS = NO;
				ASSETCATALOG_COMPILER_GENERATE_SWIFT_ASSET_SYMBOL_EXTENSIONS = YES;
				CLANG_ANALYZER_NONNULL = YES;
				CLANG_ANALYZER_NUMBER_OBJECT_CONVERSION = YES_AGGRESSIVE;
				CLANG_CXX_LANGUAGE_STANDARD = "gnu++20";
				CLANG_ENABLE_MODULES = YES;
				CLANG_ENABLE_OBJC_ARC = YES;
				CLANG_ENABLE_OBJC_WEAK = YES;
				CLANG_WARN_BLOCK_CAPTURE_AUTORELEASING = YES;
				CLANG_WARN_BOOL_CONVERSION = YES;
				CLANG_WARN_COMMA = YES;
				CLANG_WARN_CONSTANT_CONVERSION = YES;
				CLANG_WARN_DEPRECATED_OBJC_IMPLEMENTATIONS = YES;
				CLANG_WARN_DIRECT_OBJC_ISA_USAGE = YES_ERROR;
				CLANG_WARN_DOCUMENTATION_COMMENTS = YES;
				CLANG_WARN_EMPTY_BODY = YES;
				CLANG_WARN_ENUM_CONVERSION = YES;
				CLANG_WARN_INFINITE_RECURSION = YES;
				CLANG_WARN_INT_CONVERSION = YES;
				CLANG_WARN_NON_LITERAL_NULL_CONVERSION = YES;
				CLANG_WARN_OBJC_IMPLICIT_RETAIN_SELF = YES;
				CLANG_WARN_OBJC_LITERAL_CONVERSION = YES;
				CLANG_WARN_OBJC_ROOT_CLASS = YES_ERROR;
				CLANG_WARN_QUOTED_INCLUDE_IN_FRAMEWORK_HEADER = YES;
				CLANG_WARN_RANGE_LOOP_ANALYSIS = YES;
				CLANG_WARN_STRICT_PROTOTYPES = YES;
				CLANG_WARN_SUSPICIOUS_MOVE = YES;
				CLANG_WARN_UNGUARDED_AVAILABILITY = YES_AGGRESSIVE;
				CLANG_WARN_UNREACHABLE_CODE = YES;
				CLANG_WARN__DUPLICATE_METHOD_MATCH = YES;
				COPY_PHASE_STRIP = NO;
				DEBUG_INFORMATION_FORMAT = dwarf;
				ENABLE_STRICT_OBJC_MSGSEND = YES;
				ENABLE_TESTABILITY = YES;
				ENABLE_USER_SCRIPT_SANDBOXING = YES;
				GCC_C_LANGUAGE_STANDARD = gnu17;
				GCC_DYNAMIC_NO_PIC = NO;
				GCC_NO_COMMON_BLOCKS = YES;
				GCC_OPTIMIZATION_LEVEL = 0;
				GCC_PREPROCESSOR_DEFINITIONS = (
					"DEBUG=1",
					"$(inherited)",
				);
				GCC_WARN_64_TO_32_BIT_CONVERSION = YES;
				GCC_WARN_ABOUT_RETURN_TYPE = YES_ERROR;
				GCC_WARN_UNDECLARED_SELECTOR = YES;
				GCC_WARN_UNINITIALIZED_AUTOS = YES_AGGRESSIVE;
				GCC_WARN_UNUSED_FUNCTION = YES;
				GCC_WARN_UNUSED_VARIABLE = YES;
				IPHONEOS_DEPLOYMENT_TARGET = 17.2;
				LOCALIZATION_PREFERS_STRING_CATALOGS = YES;
				MTL_ENABLE_DEBUG_INFO = INCLUDE_SOURCE;
				MTL_FAST_MATH = YES;
				ONLY_ACTIVE_ARCH = YES;
				SDKROOT = iphoneos;
				SWIFT_ACTIVE_COMPILATION_CONDITIONS = "DEBUG $(inherited)";
				SWIFT_OPTIMIZATION_LEVEL = "-Onone";
			};
			name = Debug;
		};
		D5DE6510300B9917005781C0 /* Release */ = {
			isa = XCBuildConfiguration;
			buildSettings = {
				ALWAYS_SEARCH_USER_PATHS = NO;
				ASSETCATALOG_COMPILER_GENERATE_SWIFT_ASSET_SYMBOL_EXTENSIONS = YES;
				CLANG_ANALYZER_NONNULL = YES;
				CLANG_ANALYZER_NUMBER_OBJECT_CONVERSION = YES_AGGRESSIVE;
				CLANG_CXX_LANGUAGE_STANDARD = "gnu++20";
				CLANG_ENABLE_MODULES = YES;
				CLANG_ENABLE_OBJC_ARC = YES;
				CLANG_ENABLE_OBJC_WEAK = YES;
				CLANG_WARN_BLOCK_CAPTURE_AUTORELEASING = YES;
				CLANG_WARN_BOOL_CONVERSION = YES;
				CLANG_WARN_COMMA = YES;
				CLANG_WARN_CONSTANT_CONVERSION = YES;
				CLANG_WARN_DEPRECATED_OBJC_IMPLEMENTATIONS = YES;
				CLANG_WARN_DIRECT_OBJC_ISA_USAGE = YES_ERROR;
				CLANG_WARN_DOCUMENTATION_COMMENTS = YES;
				CLANG_WARN_EMPTY_BODY = YES;
				CLANG_WARN_ENUM_CONVERSION = YES;
				CLANG_WARN_INFINITE_RECURSION = YES;
				CLANG_WARN_INT_CONVERSION = YES;
				CLANG_WARN_NON_LITERAL_NULL_CONVERSION = YES;
				CLANG_WARN_OBJC_IMPLICIT_RETAIN_SELF = YES;
				CLANG_WARN_OBJC_LITERAL_CONVERSION = YES;
				CLANG_WARN_OBJC_ROOT_CLASS = YES_ERROR;
				CLANG_WARN_QUOTED_INCLUDE_IN_FRAMEWORK_HEADER = YES;
				CLANG_WARN_RANGE_LOOP_ANALYSIS = YES;
				CLANG_WARN_STRICT_PROTOTYPES = YES;
				CLANG_WARN_SUSPICIOUS_MOVE = YES;
				CLANG_WARN_UNGUARDED_AVAILABILITY = YES_AGGRESSIVE;
				CLANG_WARN_UNREACHABLE_CODE = YES;
				CLANG_WARN__DUPLICATE_METHOD_MATCH = YES;
				COPY_PHASE_STRIP = NO;
				DEBUG_INFORMATION_FORMAT = "dwarf-with-dsym";
				ENABLE_NS_ASSERTIONS = NO;
				ENABLE_STRICT_OBJC_MSGSEND = YES;
				ENABLE_USER_SCRIPT_SANDBOXING = YES;
				GCC_C_LANGUAGE_STANDARD = gnu17;
				GCC_NO_COMMON_BLOCKS = YES;
				GCC_WARN_64_TO_32_BIT_CONVERSION = YES;
				GCC_WARN_ABOUT_RETURN_TYPE = YES_ERROR;
				GCC_WARN_UNDECLARED_SELECTOR = YES;
				GCC_WARN_UNINITIALIZED_AUTOS = YES_AGGRESSIVE;
				GCC_WARN_UNUSED_FUNCTION = YES;
				GCC_WARN_UNUSED_VARIABLE = YES;
				IPHONEOS_DEPLOYMENT_TARGET = 17.2;
				LOCALIZATION_PREFERS_STRING_CATALOGS = YES;
				MTL_ENABLE_DEBUG_INFO = NO;
				MTL_FAST_MATH = YES;
				SDKROOT = iphoneos;
				SWIFT_COMPILATION_MODE = wholemodule;
				VALIDATE_PRODUCT = YES;
			};
			name = Release;
		};
		D5DE6512300B9917005781C0 /* Debug */ = {
			isa = XCBuildConfiguration;
			buildSettings = {
				ASSETCATALOG_COMPILER_APPICON_NAME = AppIcon;
				ASSETCATALOG_COMPILER_GLOBAL_ACCENT_COLOR_NAME = AccentColor;
				CODE_SIGN_STYLE = Automatic;
				CURRENT_PROJECT_VERSION = 1;
				DEVELOPMENT_ASSET_PATHS = "\"MHBrightiOS/Preview Content\"";
				ENABLE_PREVIEWS = YES;
				GENERATE_INFOPLIST_FILE = YES;
				INFOPLIST_KEY_UIApplicationSceneManifest_Generation = YES;
				INFOPLIST_KEY_UIApplicationSupportsIndirectInputEvents = YES;
				INFOPLIST_KEY_UILaunchScreen_Generation = YES;
				INFOPLIST_KEY_UISupportedInterfaceOrientations_iPad = "UIInterfaceOrientationPortrait UIInterfaceOrientationPortraitUpsideDown UIInterfaceOrientationLandscapeLeft UIInterfaceOrientationLandscapeRight";
				INFOPLIST_KEY_UISupportedInterfaceOrientations_iPhone = "UIInterfaceOrientationPortrait UIInterfaceOrientationLandscapeLeft UIInterfaceOrientationLandscapeRight";
				LD_RUNPATH_SEARCH_PATHS = (
					"$(inherited)",
					"@executable_path/Frameworks",
				);
				MARKETING_VERSION = 1.0;
				PRODUCT_BUNDLE_IDENTIFIER = com.nealsutaria.MHBrightiOS;
				PRODUCT_NAME = "$(TARGET_NAME)";
				SWIFT_EMIT_LOC_STRINGS = YES;
				SWIFT_VERSION = 5.0;
				TARGETED_DEVICE_FAMILY = "1,2";
			};
			name = Debug;
		};
		D5DE6513300B9917005781C0 /* Release */ = {
			isa = XCBuildConfiguration;
			buildSettings = {
				ASSETCATALOG_COMPILER_APPICON_NAME = AppIcon;
				ASSETCATALOG_COMPILER_GLOBAL_ACCENT_COLOR_NAME = AccentColor;
				CODE_SIGN_STYLE = Automatic;
				CURRENT_PROJECT_VERSION = 1;
				DEVELOPMENT_ASSET_PATHS = "\"MHBrightiOS/Preview Content\"";
				ENABLE_PREVIEWS = YES;
				GENERATE_INFOPLIST_FILE = YES;
				INFOPLIST_KEY_UIApplicationSceneManifest_Generation = YES;
				INFOPLIST_KEY_UIApplicationSupportsIndirectInputEvents = YES;
				INFOPLIST_KEY_UILaunchScreen_Generation = YES;
				INFOPLIST_KEY_UISupportedInterfaceOrientations_iPad = "UIInterfaceOrientationPortrait UIInterfaceOrientationPortraitUpsideDown UIInterfaceOrientationLandscapeLeft UIInterfaceOrientationLandscapeRight";
				INFOPLIST_KEY_UISupportedInterfaceOrientations_iPhone = "UIInterfaceOrientationPortrait UIInterfaceOrientationLandscapeLeft UIInterfaceOrientationLandscapeRight";
				LD_RUNPATH_SEARCH_PATHS = (
					"$(inherited)",
					"@executable_path/Frameworks",
				);
				MARKETING_VERSION = 1.0;
				PRODUCT_BUNDLE_IDENTIFIER = com.nealsutaria.MHBrightiOS;
				PRODUCT_NAME = "$(TARGET_NAME)";
				SWIFT_EMIT_LOC_STRINGS = YES;
				SWIFT_VERSION = 5.0;
				TARGETED_DEVICE_FAMILY = "1,2";
			};
			name = Release;
		};
		D5DE6515300B9917005781C0 /* Debug */ = {
			isa = XCBuildConfiguration;
			buildSettings = {
				ALWAYS_EMBED_SWIFT_STANDARD_LIBRARIES = YES;
				BUNDLE_LOADER = "$(TEST_HOST)";
				CODE_SIGN_STYLE = Automatic;
				CURRENT_PROJECT_VERSION = 1;
				GENERATE_INFOPLIST_FILE = YES;
				IPHONEOS_DEPLOYMENT_TARGET = 17.2;
				MARKETING_VERSION = 1.0;
				PRODUCT_BUNDLE_IDENTIFIER = com.nealsutaria.MHBrightiOSTests;
				PRODUCT_NAME = "$(TARGET_NAME)";
				SWIFT_EMIT_LOC_STRINGS = NO;
				SWIFT_VERSION = 5.0;
				TARGETED_DEVICE_FAMILY = "1,2";
				TEST_HOST = "$(BUILT_PRODUCTS_DIR)/MHBrightiOS.app/$(BUNDLE_EXECUTABLE_FOLDER_PATH)/MHBrightiOS";
			};
			name = Debug;
		};
		D5DE6516300B9917005781C0 /* Release */ = {
			isa = XCBuildConfiguration;
			buildSettings = {
				ALWAYS_EMBED_SWIFT_STANDARD_LIBRARIES = YES;
				BUNDLE_LOADER = "$(TEST_HOST)";
				CODE_SIGN_STYLE = Automatic;
				CURRENT_PROJECT_VERSION = 1;
				GENERATE_INFOPLIST_FILE = YES;
				IPHONEOS_DEPLOYMENT_TARGET = 17.2;
				MARKETING_VERSION = 1.0;
				PRODUCT_BUNDLE_IDENTIFIER = com.nealsutaria.MHBrightiOSTests;
				PRODUCT_NAME = "$(TARGET_NAME)";
				SWIFT_EMIT_LOC_STRINGS = NO;
				SWIFT_VERSION = 5.0;
				TARGETED_DEVICE_FAMILY = "1,2";
				TEST_HOST = "$(BUILT_PRODUCTS_DIR)/MHBrightiOS.app/$(BUNDLE_EXECUTABLE_FOLDER_PATH)/MHBrightiOS";
			};
			name = Release;
		};
		D5DE6518300B9917005781C0 /* Debug */ = {
			isa = XCBuildConfiguration;
			buildSettings = {
				ALWAYS_EMBED_SWIFT_STANDARD_LIBRARIES = YES;
				CODE_SIGN_STYLE = Automatic;
				CURRENT_PROJECT_VERSION = 1;
				GENERATE_INFOPLIST_FILE = YES;
				MARKETING_VERSION = 1.0;
				PRODUCT_BUNDLE_IDENTIFIER = com.nealsutaria.MHBrightiOSUITests;
				PRODUCT_NAME = "$(TARGET_NAME)";
				SWIFT_EMIT_LOC_STRINGS = NO;
				SWIFT_VERSION = 5.0;
				TARGETED_DEVICE_FAMILY = "1,2";
				TEST_TARGET_NAME = MHBrightiOS;
			};
			name = Debug;
		};
		D5DE6519300B9917005781C0 /* Release */ = {
			isa = XCBuildConfiguration;
			buildSettings = {
				ALWAYS_EMBED_SWIFT_STANDARD_LIBRARIES = YES;
				CODE_SIGN_STYLE = Automatic;
				CURRENT_PROJECT_VERSION = 1;
				GENERATE_INFOPLIST_FILE = YES;
				MARKETING_VERSION = 1.0;
				PRODUCT_BUNDLE_IDENTIFIER = com.nealsutaria.MHBrightiOSUITests;
				PRODUCT_NAME = "$(TARGET_NAME)";
				SWIFT_EMIT_LOC_STRINGS = NO;
				SWIFT_VERSION = 5.0;
				TARGETED_DEVICE_FAMILY = "1,2";
				TEST_TARGET_NAME = MHBrightiOS;
			};
			name = Release;
		};
/* End XCBuildConfiguration section */

/* Begin XCConfigurationList section */
		D5DE64E8300B9912005781C0 /* Build configuration list for PBXProject "MHBrightiOS" */ = {
			isa = XCConfigurationList;
			buildConfigurations = (
				D5DE650F300B9917005781C0 /* Debug */,
				D5DE6510300B9917005781C0 /* Release */,
			);
			defaultConfigurationIsVisible = 0;
			defaultConfigurationName = Release;
		};
		D5DE6511300B9917005781C0 /* Build configuration list for PBXNativeTarget "MHBrightiOS" */ = {
			isa = XCConfigurationList;
			buildConfigurations = (
				D5DE6512300B9917005781C0 /* Debug */,
				D5DE6513300B9917005781C0 /* Release */,
			);
			defaultConfigurationIsVisible = 0;
			defaultConfigurationName = Release;
		};
		D5DE6514300B9917005781C0 /* Build configuration list for PBXNativeTarget "MHBrightiOSTests" */ = {
			isa = XCConfigurationList;
			buildConfigurations = (
				D5DE6515300B9917005781C0 /* Debug */,
				D5DE6516300B9917005781C0 /* Release */,
			);
			defaultConfigurationIsVisible = 0;
			defaultConfigurationName = Release;
		};
		D5DE6517300B9917005781C0 /* Build configuration list for PBXNativeTarget "MHBrightiOSUITests" */ = {
			isa = XCConfigurationList;
			buildConfigurations = (
				D5DE6518300B9917005781C0 /* Debug */,
				D5DE6519300B9917005781C0 /* Release */,
			);
			defaultConfigurationIsVisible = 0;
			defaultConfigurationName = Release;
		};
/* End XCConfigurationList section */
	};
	rootObject = D5DE64E5300B9912005781C0 /* Project object */;
}
